// !$*UTF8*$!
{
	archiveVersion = 1;
	classes = {
	};
	objectVersion = 54;
	objects = {

/* Begin PBXBuildFile section */
		1C630540C7A3FC6FAB348414 /* Pods_JetBeepExample.framework in Frameworks */ = {isa = PBXBuildFile; fileRef = 90ED3EE99C20F2477953DD83 /* Pods_JetBeepExample.framework */; };
		3430F9AB23605499000F5AF5 /* BaseNotification.swift in Sources */ = {isa = PBXBuildFile; fileRef = 3430F9AA23605499000F5AF5 /* BaseNotification.swift */; };
		3432777829E40A600077F122 /* VendingPaymentProcessor.swift in Sources */ = {isa = PBXBuildFile; fileRef = 3432777729E40A600077F122 /* VendingPaymentProcessor.swift */; };
		3432777D29E40A670077F122 /* PaymentAPI.swift in Sources */ = {isa = PBXBuildFile; fileRef = 3432777B29E40A670077F122 /* PaymentAPI.swift */; };
		3432777F29E433240077F122 /* API.swift in Sources */ = {isa = PBXBuildFile; fileRef = 3432777E29E433240077F122 /* API.swift */; };
		34349E2D29D6F961005628F6 /* VendingRouter.swift in Sources */ = {isa = PBXBuildFile; fileRef = 34349E2929D6F961005628F6 /* VendingRouter.swift */; };
		34349E2E29D6F961005628F6 /* VendingView.swift in Sources */ = {isa = PBXBuildFile; fileRef = 34349E2A29D6F961005628F6 /* VendingView.swift */; };
		34349E2F29D6F961005628F6 /* VendingViewModel.swift in Sources */ = {isa = PBXBuildFile; fileRef = 34349E2B29D6F961005628F6 /* VendingViewModel.swift */; };
		34349E3029D6F961005628F6 /* VendingConfigurator.swift in Sources */ = {isa = PBXBuildFile; fileRef = 34349E2C29D6F961005628F6 /* VendingConfigurator.swift */; };
		34349E3329D6F999005628F6 /* VendingMachineView.swift in Sources */ = {isa = PBXBuildFile; fileRef = 34349E3229D6F999005628F6 /* VendingMachineView.swift */; };
		343B7F1429AE19FE000D6CE3 /* TabbarPresenter.swift in Sources */ = {isa = PBXBuildFile; fileRef = 343B7F1029AE19FE000D6CE3 /* TabbarPresenter.swift */; };
		343B7F1529AE19FE000D6CE3 /* TabbarRouter.swift in Sources */ = {isa = PBXBuildFile; fileRef = 343B7F1129AE19FE000D6CE3 /* TabbarRouter.swift */; };
		343B7F1629AE19FE000D6CE3 /* TabbarViewController.swift in Sources */ = {isa = PBXBuildFile; fileRef = 343B7F1229AE19FE000D6CE3 /* TabbarViewController.swift */; };
		343B7F1729AE19FE000D6CE3 /* TabbarConfigurator.swift in Sources */ = {isa = PBXBuildFile; fileRef = 343B7F1329AE19FE000D6CE3 /* TabbarConfigurator.swift */; };
		343B7F1D29AE1EBC000D6CE3 /* LogRouter.swift in Sources */ = {isa = PBXBuildFile; fileRef = 343B7F1929AE1EBC000D6CE3 /* LogRouter.swift */; };
		343B7F1E29AE1EBC000D6CE3 /* LogView.swift in Sources */ = {isa = PBXBuildFile; fileRef = 343B7F1A29AE1EBC000D6CE3 /* LogView.swift */; };
		343B7F1F29AE1EBC000D6CE3 /* LogViewModel.swift in Sources */ = {isa = PBXBuildFile; fileRef = 343B7F1B29AE1EBC000D6CE3 /* LogViewModel.swift */; };
		343B7F2029AE1EBC000D6CE3 /* LogConfigurator.swift in Sources */ = {isa = PBXBuildFile; fileRef = 343B7F1C29AE1EBC000D6CE3 /* LogConfigurator.swift */; };
		343B7F2629AE35BD000D6CE3 /* LocationsRouter.swift in Sources */ = {isa = PBXBuildFile; fileRef = 343B7F2229AE35BD000D6CE3 /* LocationsRouter.swift */; };
		343B7F2729AE35BD000D6CE3 /* LocationsView.swift in Sources */ = {isa = PBXBuildFile; fileRef = 343B7F2329AE35BD000D6CE3 /* LocationsView.swift */; };
		343B7F2829AE35BD000D6CE3 /* LocationsViewModel.swift in Sources */ = {isa = PBXBuildFile; fileRef = 343B7F2429AE35BD000D6CE3 /* LocationsViewModel.swift */; };
		343B7F2929AE35BD000D6CE3 /* LocationsConfigurator.swift in Sources */ = {isa = PBXBuildFile; fileRef = 343B7F2529AE35BD000D6CE3 /* LocationsConfigurator.swift */; };
		345F98BA29E44B7800BC6C79 /* PaymentRequest+extension.swift in Sources */ = {isa = PBXBuildFile; fileRef = 345F98B929E44B7800BC6C79 /* PaymentRequest+extension.swift */; };
		345F98BC29E451C000BC6C79 /* Dictionary+extension.swift in Sources */ = {isa = PBXBuildFile; fileRef = 345F98BB29E451C000BC6C79 /* Dictionary+extension.swift */; };
		345F98BE29E4539900BC6C79 /* Data+extension.swift in Sources */ = {isa = PBXBuildFile; fileRef = 345F98BD29E4539900BC6C79 /* Data+extension.swift */; };
		3468891029F9888200A2C1D0 /* ErrorToastView.swift in Sources */ = {isa = PBXBuildFile; fileRef = 3468890F29F9888200A2C1D0 /* ErrorToastView.swift */; };
		3468891229F988AE00A2C1D0 /* UIViewController+extension.swift in Sources */ = {isa = PBXBuildFile; fileRef = 3468891129F988AE00A2C1D0 /* UIViewController+extension.swift */; };
		3468891429F9932600A2C1D0 /* NotificationsController.swift in Sources */ = {isa = PBXBuildFile; fileRef = 3468891329F9932600A2C1D0 /* NotificationsController.swift */; };
		346DB6FE29B5FC48003829CE /* LockerView.swift in Sources */ = {isa = PBXBuildFile; fileRef = 346DB6FA29B5FC48003829CE /* LockerView.swift */; };
		346DB6FF29B5FC48003829CE /* LockerRouter.swift in Sources */ = {isa = PBXBuildFile; fileRef = 346DB6FB29B5FC48003829CE /* LockerRouter.swift */; };
		346DB70029B5FC48003829CE /* LockerConfigurator.swift in Sources */ = {isa = PBXBuildFile; fileRef = 346DB6FC29B5FC48003829CE /* LockerConfigurator.swift */; };
		346DB70129B5FC48003829CE /* LockerViewModel.swift in Sources */ = {isa = PBXBuildFile; fileRef = 346DB6FD29B5FC48003829CE /* LockerViewModel.swift */; };
		346DB70329B67A02003829CE /* NearbyView.swift in Sources */ = {isa = PBXBuildFile; fileRef = 346DB70229B67A02003829CE /* NearbyView.swift */; };
		346DB70529B785A1003829CE /* StatusView.swift in Sources */ = {isa = PBXBuildFile; fileRef = 346DB70429B785A1003829CE /* StatusView.swift */; };
		346EB8CD29D31A9D00E04A87 /* OfferView.swift in Sources */ = {isa = PBXBuildFile; fileRef = 346EB8CC29D31A9D00E04A87 /* OfferView.swift */; };
		346EB8D029D344AC00E04A87 /* Color+extension.swift in Sources */ = {isa = PBXBuildFile; fileRef = 346EB8CF29D344AC00E04A87 /* Color+extension.swift */; };
		346EB8DA29D358ED00E04A87 /* AddUserNumbersConfigurator.swift in Sources */ = {isa = PBXBuildFile; fileRef = 346EB8D629D358ED00E04A87 /* AddUserNumbersConfigurator.swift */; };
		346EB8DB29D358ED00E04A87 /* AddUserNumbersViewModel.swift in Sources */ = {isa = PBXBuildFile; fileRef = 346EB8D729D358ED00E04A87 /* AddUserNumbersViewModel.swift */; };
		346EB8DC29D358ED00E04A87 /* AddUserNumbersRouter.swift in Sources */ = {isa = PBXBuildFile; fileRef = 346EB8D829D358ED00E04A87 /* AddUserNumbersRouter.swift */; };
		346EB8DD29D358ED00E04A87 /* AddUserNumbersView.swift in Sources */ = {isa = PBXBuildFile; fileRef = 346EB8D929D358ED00E04A87 /* AddUserNumbersView.swift */; };
		346EB8E029D37B4300E04A87 /* Storage.swift in Sources */ = {isa = PBXBuildFile; fileRef = 346EB8DF29D37B4300E04A87 /* Storage.swift */; };
		346EB8E229D3887900E04A87 /* AddUserNumberView.swift in Sources */ = {isa = PBXBuildFile; fileRef = 346EB8E129D3887900E04A87 /* AddUserNumberView.swift */; };
		3480AA4F29FFF9CD00B70BEB /* LoyaltyController.swift in Sources */ = {isa = PBXBuildFile; fileRef = 3480AA4E29FFF9CD00B70BEB /* LoyaltyController.swift */; };
		34B50EED225E33970000C397 /* BackgroundController.swift in Sources */ = {isa = PBXBuildFile; fileRef = 34B50EEC225E33960000C397 /* BackgroundController.swift */; };
		34BEC99F29C20D7A00EFD565 /* LoyaltyRouter.swift in Sources */ = {isa = PBXBuildFile; fileRef = 34BEC99B29C20D7A00EFD565 /* LoyaltyRouter.swift */; };
		34BEC9A029C20D7A00EFD565 /* LoyaltyView.swift in Sources */ = {isa = PBXBuildFile; fileRef = 34BEC99C29C20D7A00EFD565 /* LoyaltyView.swift */; };
		34BEC9A129C20D7A00EFD565 /* LoyaltyViewModel.swift in Sources */ = {isa = PBXBuildFile; fileRef = 34BEC99D29C20D7A00EFD565 /* LoyaltyViewModel.swift */; };
		34BEC9A229C20D7A00EFD565 /* LoyaltyConfigurator.swift in Sources */ = {isa = PBXBuildFile; fileRef = 34BEC99E29C20D7A00EFD565 /* LoyaltyConfigurator.swift */; };
		34BEC9A429C22DE300EFD565 /* LoyaltyTransferView.swift in Sources */ = {isa = PBXBuildFile; fileRef = 34BEC9A329C22DE300EFD565 /* LoyaltyTransferView.swift */; };
		34C350FD2225430F00C405D5 /* AppDelegate.swift in Sources */ = {isa = PBXBuildFile; fileRef = 34C350FC2225430F00C405D5 /* AppDelegate.swift */; };
		34C351022225430F00C405D5 /* Main.storyboard in Resources */ = {isa = PBXBuildFile; fileRef = 34C351002225430F00C405D5 /* Main.storyboard */; };
		34C351042225431000C405D5 /* Assets.xcassets in Resources */ = {isa = PBXBuildFile; fileRef = 34C351032225431000C405D5 /* Assets.xcassets */; };
		34C351072225431000C405D5 /* LaunchScreen.storyboard in Resources */ = {isa = PBXBuildFile; fileRef = 34C351052225431000C405D5 /* LaunchScreen.storyboard */; };
		34D91ADD29DDD1D1006143AA /* PaymentView.swift in Sources */ = {isa = PBXBuildFile; fileRef = 34D91ADC29DDD1D1006143AA /* PaymentView.swift */; };
/* End PBXBuildFile section */

/* Begin PBXFileReference section */
		3430F9AA23605499000F5AF5 /* BaseNotification.swift */ = {isa = PBXFileReference; fileEncoding = 4; lastKnownFileType = sourcecode.swift; path = BaseNotification.swift; sourceTree = "<group>"; };
		3432777729E40A600077F122 /* VendingPaymentProcessor.swift */ = {isa = PBXFileReference; fileEncoding = 4; lastKnownFileType = sourcecode.swift; path = VendingPaymentProcessor.swift; sourceTree = "<group>"; };
		3432777B29E40A670077F122 /* PaymentAPI.swift */ = {isa = PBXFileReference; fileEncoding = 4; lastKnownFileType = sourcecode.swift; path = PaymentAPI.swift; sourceTree = "<group>"; };
		3432777E29E433240077F122 /* API.swift */ = {isa = PBXFileReference; lastKnownFileType = sourcecode.swift; path = API.swift; sourceTree = "<group>"; };
		34349E2929D6F961005628F6 /* VendingRouter.swift */ = {isa = PBXFileReference; lastKnownFileType = sourcecode.swift; path = VendingRouter.swift; sourceTree = "<group>"; };
		34349E2A29D6F961005628F6 /* VendingView.swift */ = {isa = PBXFileReference; lastKnownFileType = sourcecode.swift; path = VendingView.swift; sourceTree = "<group>"; };
		34349E2B29D6F961005628F6 /* VendingViewModel.swift */ = {isa = PBXFileReference; lastKnownFileType = sourcecode.swift; path = VendingViewModel.swift; sourceTree = "<group>"; };
		34349E2C29D6F961005628F6 /* VendingConfigurator.swift */ = {isa = PBXFileReference; lastKnownFileType = sourcecode.swift; path = VendingConfigurator.swift; sourceTree = "<group>"; };
		34349E3229D6F999005628F6 /* VendingMachineView.swift */ = {isa = PBXFileReference; lastKnownFileType = sourcecode.swift; path = VendingMachineView.swift; sourceTree = "<group>"; };
		343B7F1029AE19FE000D6CE3 /* TabbarPresenter.swift */ = {isa = PBXFileReference; lastKnownFileType = sourcecode.swift; path = TabbarPresenter.swift; sourceTree = "<group>"; };
		343B7F1129AE19FE000D6CE3 /* TabbarRouter.swift */ = {isa = PBXFileReference; lastKnownFileType = sourcecode.swift; path = TabbarRouter.swift; sourceTree = "<group>"; };
		343B7F1229AE19FE000D6CE3 /* TabbarViewController.swift */ = {isa = PBXFileReference; lastKnownFileType = sourcecode.swift; path = TabbarViewController.swift; sourceTree = "<group>"; };
		343B7F1329AE19FE000D6CE3 /* TabbarConfigurator.swift */ = {isa = PBXFileReference; lastKnownFileType = sourcecode.swift; path = TabbarConfigurator.swift; sourceTree = "<group>"; };
		343B7F1929AE1EBC000D6CE3 /* LogRouter.swift */ = {isa = PBXFileReference; lastKnownFileType = sourcecode.swift; path = LogRouter.swift; sourceTree = "<group>"; };
		343B7F1A29AE1EBC000D6CE3 /* LogView.swift */ = {isa = PBXFileReference; lastKnownFileType = sourcecode.swift; path = LogView.swift; sourceTree = "<group>"; };
		343B7F1B29AE1EBC000D6CE3 /* LogViewModel.swift */ = {isa = PBXFileReference; lastKnownFileType = sourcecode.swift; path = LogViewModel.swift; sourceTree = "<group>"; };
		343B7F1C29AE1EBC000D6CE3 /* LogConfigurator.swift */ = {isa = PBXFileReference; lastKnownFileType = sourcecode.swift; path = LogConfigurator.swift; sourceTree = "<group>"; };
		343B7F2229AE35BD000D6CE3 /* LocationsRouter.swift */ = {isa = PBXFileReference; lastKnownFileType = sourcecode.swift; path = LocationsRouter.swift; sourceTree = "<group>"; };
		343B7F2329AE35BD000D6CE3 /* LocationsView.swift */ = {isa = PBXFileReference; lastKnownFileType = sourcecode.swift; path = LocationsView.swift; sourceTree = "<group>"; };
		343B7F2429AE35BD000D6CE3 /* LocationsViewModel.swift */ = {isa = PBXFileReference; lastKnownFileType = sourcecode.swift; path = LocationsViewModel.swift; sourceTree = "<group>"; };
		343B7F2529AE35BD000D6CE3 /* LocationsConfigurator.swift */ = {isa = PBXFileReference; lastKnownFileType = sourcecode.swift; path = LocationsConfigurator.swift; sourceTree = "<group>"; };
		345F98B929E44B7800BC6C79 /* PaymentRequest+extension.swift */ = {isa = PBXFileReference; lastKnownFileType = sourcecode.swift; path = "PaymentRequest+extension.swift"; sourceTree = "<group>"; };
		345F98BB29E451C000BC6C79 /* Dictionary+extension.swift */ = {isa = PBXFileReference; lastKnownFileType = sourcecode.swift; path = "Dictionary+extension.swift"; sourceTree = "<group>"; };
		345F98BD29E4539900BC6C79 /* Data+extension.swift */ = {isa = PBXFileReference; lastKnownFileType = sourcecode.swift; path = "Data+extension.swift"; sourceTree = "<group>"; };
		3468890F29F9888200A2C1D0 /* ErrorToastView.swift */ = {isa = PBXFileReference; lastKnownFileType = sourcecode.swift; name = ErrorToastView.swift; path = Views/ErrorToastView.swift; sourceTree = "<group>"; };
		3468891129F988AE00A2C1D0 /* UIViewController+extension.swift */ = {isa = PBXFileReference; lastKnownFileType = sourcecode.swift; path = "UIViewController+extension.swift"; sourceTree = "<group>"; };
		3468891329F9932600A2C1D0 /* NotificationsController.swift */ = {isa = PBXFileReference; lastKnownFileType = sourcecode.swift; path = NotificationsController.swift; sourceTree = "<group>"; };
		346DB6FA29B5FC48003829CE /* LockerView.swift */ = {isa = PBXFileReference; fileEncoding = 4; lastKnownFileType = sourcecode.swift; path = LockerView.swift; sourceTree = "<group>"; };
		346DB6FB29B5FC48003829CE /* LockerRouter.swift */ = {isa = PBXFileReference; fileEncoding = 4; lastKnownFileType = sourcecode.swift; path = LockerRouter.swift; sourceTree = "<group>"; };
		346DB6FC29B5FC48003829CE /* LockerConfigurator.swift */ = {isa = PBXFileReference; fileEncoding = 4; lastKnownFileType = sourcecode.swift; path = LockerConfigurator.swift; sourceTree = "<group>"; };
		346DB6FD29B5FC48003829CE /* LockerViewModel.swift */ = {isa = PBXFileReference; fileEncoding = 4; lastKnownFileType = sourcecode.swift; path = LockerViewModel.swift; sourceTree = "<group>"; };
		346DB70229B67A02003829CE /* NearbyView.swift */ = {isa = PBXFileReference; lastKnownFileType = sourcecode.swift; path = NearbyView.swift; sourceTree = "<group>"; };
		346DB70429B785A1003829CE /* StatusView.swift */ = {isa = PBXFileReference; lastKnownFileType = sourcecode.swift; path = StatusView.swift; sourceTree = "<group>"; };
		346EB8CC29D31A9D00E04A87 /* OfferView.swift */ = {isa = PBXFileReference; lastKnownFileType = sourcecode.swift; path = OfferView.swift; sourceTree = "<group>"; };
		346EB8CF29D344AC00E04A87 /* Color+extension.swift */ = {isa = PBXFileReference; lastKnownFileType = sourcecode.swift; path = "Color+extension.swift"; sourceTree = "<group>"; };
		346EB8D629D358ED00E04A87 /* AddUserNumbersConfigurator.swift */ = {isa = PBXFileReference; fileEncoding = 4; lastKnownFileType = sourcecode.swift; path = AddUserNumbersConfigurator.swift; sourceTree = "<group>"; };
		346EB8D729D358ED00E04A87 /* AddUserNumbersViewModel.swift */ = {isa = PBXFileReference; fileEncoding = 4; lastKnownFileType = sourcecode.swift; path = AddUserNumbersViewModel.swift; sourceTree = "<group>"; };
		346EB8D829D358ED00E04A87 /* AddUserNumbersRouter.swift */ = {isa = PBXFileReference; fileEncoding = 4; lastKnownFileType = sourcecode.swift; path = AddUserNumbersRouter.swift; sourceTree = "<group>"; };
		346EB8D929D358ED00E04A87 /* AddUserNumbersView.swift */ = {isa = PBXFileReference; fileEncoding = 4; lastKnownFileType = sourcecode.swift; path = AddUserNumbersView.swift; sourceTree = "<group>"; };
		346EB8DF29D37B4300E04A87 /* Storage.swift */ = {isa = PBXFileReference; lastKnownFileType = sourcecode.swift; path = Storage.swift; sourceTree = "<group>"; };
		346EB8E129D3887900E04A87 /* AddUserNumberView.swift */ = {isa = PBXFileReference; lastKnownFileType = sourcecode.swift; path = AddUserNumberView.swift; sourceTree = "<group>"; };
		3480AA4E29FFF9CD00B70BEB /* LoyaltyController.swift */ = {isa = PBXFileReference; lastKnownFileType = sourcecode.swift; path = LoyaltyController.swift; sourceTree = "<group>"; };
		34B50EEC225E33960000C397 /* BackgroundController.swift */ = {isa = PBXFileReference; fileEncoding = 4; lastKnownFileType = sourcecode.swift; path = BackgroundController.swift; sourceTree = "<group>"; };
		34BEC99B29C20D7A00EFD565 /* LoyaltyRouter.swift */ = {isa = PBXFileReference; lastKnownFileType = sourcecode.swift; path = LoyaltyRouter.swift; sourceTree = "<group>"; };
		34BEC99C29C20D7A00EFD565 /* LoyaltyView.swift */ = {isa = PBXFileReference; lastKnownFileType = sourcecode.swift; path = LoyaltyView.swift; sourceTree = "<group>"; };
		34BEC99D29C20D7A00EFD565 /* LoyaltyViewModel.swift */ = {isa = PBXFileReference; lastKnownFileType = sourcecode.swift; path = LoyaltyViewModel.swift; sourceTree = "<group>"; };
		34BEC99E29C20D7A00EFD565 /* LoyaltyConfigurator.swift */ = {isa = PBXFileReference; lastKnownFileType = sourcecode.swift; path = LoyaltyConfigurator.swift; sourceTree = "<group>"; };
		34BEC9A329C22DE300EFD565 /* LoyaltyTransferView.swift */ = {isa = PBXFileReference; lastKnownFileType = sourcecode.swift; path = LoyaltyTransferView.swift; sourceTree = "<group>"; };
		34C350F92225430F00C405D5 /* JetBeepExample.app */ = {isa = PBXFileReference; explicitFileType = wrapper.application; includeInIndex = 0; path = JetBeepExample.app; sourceTree = BUILT_PRODUCTS_DIR; };
		34C350FC2225430F00C405D5 /* AppDelegate.swift */ = {isa = PBXFileReference; lastKnownFileType = sourcecode.swift; path = AppDelegate.swift; sourceTree = "<group>"; };
		34C351012225430F00C405D5 /* Base */ = {isa = PBXFileReference; lastKnownFileType = file.storyboard; name = Base; path = Base.lproj/Main.storyboard; sourceTree = "<group>"; };
		34C351032225431000C405D5 /* Assets.xcassets */ = {isa = PBXFileReference; lastKnownFileType = folder.assetcatalog; path = Assets.xcassets; sourceTree = "<group>"; };
		34C351062225431000C405D5 /* Base */ = {isa = PBXFileReference; lastKnownFileType = file.storyboard; name = Base; path = Base.lproj/LaunchScreen.storyboard; sourceTree = "<group>"; };
		34C351082225431000C405D5 /* Info.plist */ = {isa = PBXFileReference; lastKnownFileType = text.plist.xml; path = Info.plist; sourceTree = "<group>"; };
		34D91ADC29DDD1D1006143AA /* PaymentView.swift */ = {isa = PBXFileReference; lastKnownFileType = sourcecode.swift; path = PaymentView.swift; sourceTree = "<group>"; };
		557D44882F4D7215A16A9BC3 /* Pods-JetBeepExample.release.xcconfig */ = {isa = PBXFileReference; includeInIndex = 1; lastKnownFileType = text.xcconfig; name = "Pods-JetBeepExample.release.xcconfig"; path = "Target Support Files/Pods-JetBeepExample/Pods-JetBeepExample.release.xcconfig"; sourceTree = "<group>"; };
		90ED3EE99C20F2477953DD83 /* Pods_JetBeepExample.framework */ = {isa = PBXFileReference; explicitFileType = wrapper.framework; includeInIndex = 0; path = Pods_JetBeepExample.framework; sourceTree = BUILT_PRODUCTS_DIR; };
		B05969FD0FABEA911E2FA858 /* Pods-JetBeepExample.debug.xcconfig */ = {isa = PBXFileReference; includeInIndex = 1; lastKnownFileType = text.xcconfig; name = "Pods-JetBeepExample.debug.xcconfig"; path = "Target Support Files/Pods-JetBeepExample/Pods-JetBeepExample.debug.xcconfig"; sourceTree = "<group>"; };
/* End PBXFileReference section */

/* Begin PBXFrameworksBuildPhase section */
		34C350F62225430F00C405D5 /* Frameworks */ = {
			isa = PBXFrameworksBuildPhase;
			buildActionMask = 2147483647;
			files = (
				1C630540C7A3FC6FAB348414 /* Pods_JetBeepExample.framework in Frameworks */,
			);
			runOnlyForDeploymentPostprocessing = 0;
		};
/* End PBXFrameworksBuildPhase section */

/* Begin PBXGroup section */
		32BD3ACEAFE79BFDE0D2413B /* Frameworks */ = {
			isa = PBXGroup;
			children = (
				90ED3EE99C20F2477953DD83 /* Pods_JetBeepExample.framework */,
			);
			name = Frameworks;
			sourceTree = "<group>";
		};
		3432777929E40A670077F122 /* PaymentAPI */ = {
			isa = PBXGroup;
			children = (
				3432777B29E40A670077F122 /* PaymentAPI.swift */,
				3432777E29E433240077F122 /* API.swift */,
			);
			path = PaymentAPI;
			sourceTree = "<group>";
		};
		34349E2829D6F936005628F6 /* Vending */ = {
			isa = PBXGroup;
			children = (
				3432777929E40A670077F122 /* PaymentAPI */,
				3432777729E40A600077F122 /* VendingPaymentProcessor.swift */,
				34349E3129D6F96F005628F6 /* Views */,
				34349E2929D6F961005628F6 /* VendingRouter.swift */,
				34349E2A29D6F961005628F6 /* VendingView.swift */,
				34349E2B29D6F961005628F6 /* VendingViewModel.swift */,
				34349E2C29D6F961005628F6 /* VendingConfigurator.swift */,
			);
			path = Vending;
			sourceTree = "<group>";
		};
		34349E3129D6F96F005628F6 /* Views */ = {
			isa = PBXGroup;
			children = (
				34349E3229D6F999005628F6 /* VendingMachineView.swift */,
				34D91ADC29DDD1D1006143AA /* PaymentView.swift */,
			);
			path = Views;
			sourceTree = "<group>";
		};
		343B7F0629AE196C000D6CE3 /* App */ = {
			isa = PBXGroup;
			children = (
				3480AA4D29FFF9A200B70BEB /* BackgroundControllers */,
				346EB8DE29D37B2100E04A87 /* Utils */,
				346EB8CE29D3448600E04A87 /* Extensions */,
				34349E2829D6F936005628F6 /* Vending */,
				34BEC99A29C20D3800EFD565 /* Loaylty */,
				346DB6F929B5FC48003829CE /* Locker */,
				343B7F2129AE3598000D6CE3 /* Locations */,
				343B7F1829AE1E9E000D6CE3 /* Log */,
				343B7F0729AE197F000D6CE3 /* Tabbar */,
				3468890F29F9888200A2C1D0 /* ErrorToastView.swift */,
			);
			path = App;
			sourceTree = "<group>";
		};
		343B7F0729AE197F000D6CE3 /* Tabbar */ = {
			isa = PBXGroup;
			children = (
				343B7F1029AE19FE000D6CE3 /* TabbarPresenter.swift */,
				343B7F1129AE19FE000D6CE3 /* TabbarRouter.swift */,
				343B7F1229AE19FE000D6CE3 /* TabbarViewController.swift */,
				343B7F1329AE19FE000D6CE3 /* TabbarConfigurator.swift */,
			);
			path = Tabbar;
			sourceTree = "<group>";
		};
		343B7F1829AE1E9E000D6CE3 /* Log */ = {
			isa = PBXGroup;
			children = (
				343B7F1929AE1EBC000D6CE3 /* LogRouter.swift */,
				343B7F1A29AE1EBC000D6CE3 /* LogView.swift */,
				343B7F1B29AE1EBC000D6CE3 /* LogViewModel.swift */,
				343B7F1C29AE1EBC000D6CE3 /* LogConfigurator.swift */,
			);
			path = Log;
			sourceTree = "<group>";
		};
		343B7F2129AE3598000D6CE3 /* Locations */ = {
			isa = PBXGroup;
			children = (
				343B7F2229AE35BD000D6CE3 /* LocationsRouter.swift */,
				343B7F2329AE35BD000D6CE3 /* LocationsView.swift */,
				343B7F2429AE35BD000D6CE3 /* LocationsViewModel.swift */,
				343B7F2529AE35BD000D6CE3 /* LocationsConfigurator.swift */,
			);
			path = Locations;
			sourceTree = "<group>";
		};
		346DB6F929B5FC48003829CE /* Locker */ = {
			isa = PBXGroup;
			children = (
				346DB70629B785A5003829CE /* Views */,
				346DB6FA29B5FC48003829CE /* LockerView.swift */,
				346DB6FB29B5FC48003829CE /* LockerRouter.swift */,
				346DB6FC29B5FC48003829CE /* LockerConfigurator.swift */,
				346DB6FD29B5FC48003829CE /* LockerViewModel.swift */,
			);
			path = Locker;
			sourceTree = "<group>";
		};
		346DB70629B785A5003829CE /* Views */ = {
			isa = PBXGroup;
			children = (
				346DB70229B67A02003829CE /* NearbyView.swift */,
				346DB70429B785A1003829CE /* StatusView.swift */,
			);
			path = Views;
			sourceTree = "<group>";
		};
		346EB8CB29D31A0A00E04A87 /* Views */ = {
			isa = PBXGroup;
			children = (
				346EB8CC29D31A9D00E04A87 /* OfferView.swift */,
			);
			path = Views;
			sourceTree = "<group>";
		};
		346EB8CE29D3448600E04A87 /* Extensions */ = {
			isa = PBXGroup;
			children = (
				346EB8CF29D344AC00E04A87 /* Color+extension.swift */,
				345F98B929E44B7800BC6C79 /* PaymentRequest+extension.swift */,
				345F98BB29E451C000BC6C79 /* Dictionary+extension.swift */,
				345F98BD29E4539900BC6C79 /* Data+extension.swift */,
				3468891129F988AE00A2C1D0 /* UIViewController+extension.swift */,
			);
			path = Extensions;
			sourceTree = "<group>";
		};
		346EB8D529D358ED00E04A87 /* AddUserNumbers */ = {
			isa = PBXGroup;
			children = (
				346EB8E729D390D900E04A87 /* Views */,
				346EB8D629D358ED00E04A87 /* AddUserNumbersConfigurator.swift */,
				346EB8D729D358ED00E04A87 /* AddUserNumbersViewModel.swift */,
				346EB8D829D358ED00E04A87 /* AddUserNumbersRouter.swift */,
				346EB8D929D358ED00E04A87 /* AddUserNumbersView.swift */,
			);
			path = AddUserNumbers;
			sourceTree = "<group>";
		};
		346EB8DE29D37B2100E04A87 /* Utils */ = {
			isa = PBXGroup;
			children = (
				346EB8DF29D37B4300E04A87 /* Storage.swift */,
			);
			path = Utils;
			sourceTree = "<group>";
		};
		346EB8E729D390D900E04A87 /* Views */ = {
			isa = PBXGroup;
			children = (
				346EB8E129D3887900E04A87 /* AddUserNumberView.swift */,
			);
			path = Views;
			sourceTree = "<group>";
		};
		3480AA4D29FFF9A200B70BEB /* BackgroundControllers */ = {
			isa = PBXGroup;
			children = (
				3468891329F9932600A2C1D0 /* NotificationsController.swift */,
				3480AA4E29FFF9CD00B70BEB /* LoyaltyController.swift */,
			);
			path = BackgroundControllers;
			sourceTree = "<group>";
		};
		34BEC99A29C20D3800EFD565 /* Loaylty */ = {
			isa = PBXGroup;
			children = (
				346EB8D529D358ED00E04A87 /* AddUserNumbers */,
				346EB8CB29D31A0A00E04A87 /* Views */,
				34BEC99B29C20D7A00EFD565 /* LoyaltyRouter.swift */,
				34BEC99C29C20D7A00EFD565 /* LoyaltyView.swift */,
				34BEC99D29C20D7A00EFD565 /* LoyaltyViewModel.swift */,
				34BEC99E29C20D7A00EFD565 /* LoyaltyConfigurator.swift */,
				34BEC9A329C22DE300EFD565 /* LoyaltyTransferView.swift */,
			);
			path = Loaylty;
			sourceTree = "<group>";
		};
		34C350F02225430F00C405D5 = {
			isa = PBXGroup;
			children = (
				34C350FB2225430F00C405D5 /* JetBeepExample */,
				34C350FA2225430F00C405D5 /* Products */,
				7DA2E471FB688CC5DC81ED35 /* Pods */,
				32BD3ACEAFE79BFDE0D2413B /* Frameworks */,
			);
			sourceTree = "<group>";
		};
		34C350FA2225430F00C405D5 /* Products */ = {
			isa = PBXGroup;
			children = (
				34C350F92225430F00C405D5 /* JetBeepExample.app */,
			);
			name = Products;
			sourceTree = "<group>";
		};
		34C350FB2225430F00C405D5 /* JetBeepExample */ = {
			isa = PBXGroup;
			children = (
				343B7F0629AE196C000D6CE3 /* App */,
				34B50EEC225E33960000C397 /* BackgroundController.swift */,
				3430F9AA23605499000F5AF5 /* BaseNotification.swift */,
				34C350FC2225430F00C405D5 /* AppDelegate.swift */,
				34C351002225430F00C405D5 /* Main.storyboard */,
				34C351032225431000C405D5 /* Assets.xcassets */,
				34C351052225431000C405D5 /* LaunchScreen.storyboard */,
				34C351082225431000C405D5 /* Info.plist */,
			);
			path = JetBeepExample;
			sourceTree = "<group>";
		};
		7DA2E471FB688CC5DC81ED35 /* Pods */ = {
			isa = PBXGroup;
			children = (
				B05969FD0FABEA911E2FA858 /* Pods-JetBeepExample.debug.xcconfig */,
				557D44882F4D7215A16A9BC3 /* Pods-JetBeepExample.release.xcconfig */,
			);
			path = Pods;
			sourceTree = "<group>";
		};
/* End PBXGroup section */

/* Begin PBXNativeTarget section */
		34C350F82225430F00C405D5 /* JetBeepExample */ = {
			isa = PBXNativeTarget;
			buildConfigurationList = 34C3510B2225431000C405D5 /* Build configuration list for PBXNativeTarget "JetBeepExample" */;
			buildPhases = (
				873097874CF6917419730C2A /* [CP] Check Pods Manifest.lock */,
				34C350F52225430F00C405D5 /* Sources */,
				34C350F62225430F00C405D5 /* Frameworks */,
				34C350F72225430F00C405D5 /* Resources */,
				34EFBC7C29E5B79B0086DB4A /* ShellScript */,
				955A611A092EDBEF296B5A92 /* [CP] Embed Pods Frameworks */,
			);
			buildRules = (
			);
			dependencies = (
			);
			name = JetBeepExample;
			productName = JetBeepExample;
			productReference = 34C350F92225430F00C405D5 /* JetBeepExample.app */;
			productType = "com.apple.product-type.application";
		};
/* End PBXNativeTarget section */

/* Begin PBXProject section */
		34C350F12225430F00C405D5 /* Project object */ = {
			isa = PBXProject;
			attributes = {
				LastSwiftUpdateCheck = 1010;
				LastUpgradeCheck = 1010;
				ORGANIZATIONNAME = "Max Tymchii";
				TargetAttributes = {
					34C350F82225430F00C405D5 = {
						CreatedOnToolsVersion = 10.1;
					};
				};
			};
			buildConfigurationList = 34C350F42225430F00C405D5 /* Build configuration list for PBXProject "JetBeepExample" */;
			compatibilityVersion = "Xcode 9.3";
			developmentRegion = en;
			hasScannedForEncodings = 0;
			knownRegions = (
				en,
				Base,
			);
			mainGroup = 34C350F02225430F00C405D5;
			productRefGroup = 34C350FA2225430F00C405D5 /* Products */;
			projectDirPath = "";
			projectRoot = "";
			targets = (
				34C350F82225430F00C405D5 /* JetBeepExample */,
			);
		};
/* End PBXProject section */

/* Begin PBXResourcesBuildPhase section */
		34C350F72225430F00C405D5 /* Resources */ = {
			isa = PBXResourcesBuildPhase;
			buildActionMask = 2147483647;
			files = (
				34C351072225431000C405D5 /* LaunchScreen.storyboard in Resources */,
				34C351042225431000C405D5 /* Assets.xcassets in Resources */,
				34C351022225430F00C405D5 /* Main.storyboard in Resources */,
			);
			runOnlyForDeploymentPostprocessing = 0;
		};
/* End PBXResourcesBuildPhase section */

/* Begin PBXShellScriptBuildPhase section */
		34EFBC7C29E5B79B0086DB4A /* ShellScript */ = {
			isa = PBXShellScriptBuildPhase;
			buildActionMask = 2147483647;
			files = (
			);
			inputFileListPaths = (
			);
			inputPaths = (
			);
			outputFileListPaths = (
			);
			outputPaths = (
			);
			runOnlyForDeploymentPostprocessing = 0;
			shellPath = /bin/sh;
			shellScript = "if which swiftlint >/dev/null; then\n  swiftlint\nelse\n  echo \"warning: SwiftLint not installed, download from https://github.com/realm/SwiftLint\"\nfi\n";
		};
		873097874CF6917419730C2A /* [CP] Check Pods Manifest.lock */ = {
			isa = PBXShellScriptBuildPhase;
			buildActionMask = 2147483647;
			files = (
			);
			inputFileListPaths = (
			);
			inputPaths = (
				"${PODS_PODFILE_DIR_PATH}/Podfile.lock",
				"${PODS_ROOT}/Manifest.lock",
			);
			name = "[CP] Check Pods Manifest.lock";
			outputFileListPaths = (
			);
			outputPaths = (
				"$(DERIVED_FILE_DIR)/Pods-JetBeepExample-checkManifestLockResult.txt",
			);
			runOnlyForDeploymentPostprocessing = 0;
			shellPath = /bin/sh;
			shellScript = "diff \"${PODS_PODFILE_DIR_PATH}/Podfile.lock\" \"${PODS_ROOT}/Manifest.lock\" > /dev/null\nif [ $? != 0 ] ; then\n    # print error to STDERR\n    echo \"error: The sandbox is not in sync with the Podfile.lock. Run 'pod install' or update your CocoaPods installation.\" >&2\n    exit 1\nfi\n# This output is used by Xcode 'outputs' to avoid re-running this script phase.\necho \"SUCCESS\" > \"${SCRIPT_OUTPUT_FILE_0}\"\n";
			showEnvVarsInLog = 0;
		};
		955A611A092EDBEF296B5A92 /* [CP] Embed Pods Frameworks */ = {
			isa = PBXShellScriptBuildPhase;
			buildActionMask = 2147483647;
			files = (
			);
			inputFileListPaths = (
				"${PODS_ROOT}/Target Support Files/Pods-JetBeepExample/Pods-JetBeepExample-frameworks-${CONFIGURATION}-input-files.xcfilelist",
			);
			name = "[CP] Embed Pods Frameworks";
			outputFileListPaths = (
				"${PODS_ROOT}/Target Support Files/Pods-JetBeepExample/Pods-JetBeepExample-frameworks-${CONFIGURATION}-output-files.xcfilelist",
			);
			runOnlyForDeploymentPostprocessing = 0;
			shellPath = /bin/sh;
			shellScript = "\"${PODS_ROOT}/Target Support Files/Pods-JetBeepExample/Pods-JetBeepExample-frameworks.sh\"\n";
			showEnvVarsInLog = 0;
		};
/* End PBXShellScriptBuildPhase section */

/* Begin PBXSourcesBuildPhase section */
		34C350F52225430F00C405D5 /* Sources */ = {
			isa = PBXSourcesBuildPhase;
			buildActionMask = 2147483647;
			files = (
				343B7F1729AE19FE000D6CE3 /* TabbarConfigurator.swift in Sources */,
				34BEC9A029C20D7A00EFD565 /* LoyaltyView.swift in Sources */,
				3468891429F9932600A2C1D0 /* NotificationsController.swift in Sources */,
				343B7F1F29AE1EBC000D6CE3 /* LogViewModel.swift in Sources */,
				3432777D29E40A670077F122 /* PaymentAPI.swift in Sources */,
				346EB8DC29D358ED00E04A87 /* AddUserNumbersRouter.swift in Sources */,
				343B7F1D29AE1EBC000D6CE3 /* LogRouter.swift in Sources */,
				343B7F1529AE19FE000D6CE3 /* TabbarRouter.swift in Sources */,
				34349E3329D6F999005628F6 /* VendingMachineView.swift in Sources */,
				346EB8E029D37B4300E04A87 /* Storage.swift in Sources */,
				34B50EED225E33970000C397 /* BackgroundController.swift in Sources */,
				34BEC99F29C20D7A00EFD565 /* LoyaltyRouter.swift in Sources */,
				346DB70329B67A02003829CE /* NearbyView.swift in Sources */,
				343B7F1E29AE1EBC000D6CE3 /* LogView.swift in Sources */,
				346EB8E229D3887900E04A87 /* AddUserNumberView.swift in Sources */,
				3468891029F9888200A2C1D0 /* ErrorToastView.swift in Sources */,
				345F98BC29E451C000BC6C79 /* Dictionary+extension.swift in Sources */,
				343B7F1429AE19FE000D6CE3 /* TabbarPresenter.swift in Sources */,
				346DB6FE29B5FC48003829CE /* LockerView.swift in Sources */,
				346EB8DB29D358ED00E04A87 /* AddUserNumbersViewModel.swift in Sources */,
				34C350FD2225430F00C405D5 /* AppDelegate.swift in Sources */,
				346DB70029B5FC48003829CE /* LockerConfigurator.swift in Sources */,
				346EB8DD29D358ED00E04A87 /* AddUserNumbersView.swift in Sources */,
				34BEC9A429C22DE300EFD565 /* LoyaltyTransferView.swift in Sources */,
				3432777F29E433240077F122 /* API.swift in Sources */,
				343B7F2729AE35BD000D6CE3 /* LocationsView.swift in Sources */,
				345F98BA29E44B7800BC6C79 /* PaymentRequest+extension.swift in Sources */,
				343B7F2929AE35BD000D6CE3 /* LocationsConfigurator.swift in Sources */,
				345F98BE29E4539900BC6C79 /* Data+extension.swift in Sources */,
				34349E2F29D6F961005628F6 /* VendingViewModel.swift in Sources */,
				3480AA4F29FFF9CD00B70BEB /* LoyaltyController.swift in Sources */,
				3468891229F988AE00A2C1D0 /* UIViewController+extension.swift in Sources */,
				346DB6FF29B5FC48003829CE /* LockerRouter.swift in Sources */,
				3430F9AB23605499000F5AF5 /* BaseNotification.swift in Sources */,
				343B7F2829AE35BD000D6CE3 /* LocationsViewModel.swift in Sources */,
				34349E2E29D6F961005628F6 /* VendingView.swift in Sources */,
				34349E3029D6F961005628F6 /* VendingConfigurator.swift in Sources */,
				343B7F1629AE19FE000D6CE3 /* TabbarViewController.swift in Sources */,
				346EB8D029D344AC00E04A87 /* Color+extension.swift in Sources */,
				3432777829E40A600077F122 /* VendingPaymentProcessor.swift in Sources */,
				343B7F2629AE35BD000D6CE3 /* LocationsRouter.swift in Sources */,
				346EB8CD29D31A9D00E04A87 /* OfferView.swift in Sources */,
				34BEC9A229C20D7A00EFD565 /* LoyaltyConfigurator.swift in Sources */,
				346EB8DA29D358ED00E04A87 /* AddUserNumbersConfigurator.swift in Sources */,
				346DB70129B5FC48003829CE /* LockerViewModel.swift in Sources */,
				343B7F2029AE1EBC000D6CE3 /* LogConfigurator.swift in Sources */,
				34D91ADD29DDD1D1006143AA /* PaymentView.swift in Sources */,
				346DB70529B785A1003829CE /* StatusView.swift in Sources */,
				34349E2D29D6F961005628F6 /* VendingRouter.swift in Sources */,
				34BEC9A129C20D7A00EFD565 /* LoyaltyViewModel.swift in Sources */,
			);
			runOnlyForDeploymentPostprocessing = 0;
		};
/* End PBXSourcesBuildPhase section */

/* Begin PBXVariantGroup section */
		34C351002225430F00C405D5 /* Main.storyboard */ = {
			isa = PBXVariantGroup;
			children = (
				34C351012225430F00C405D5 /* Base */,
			);
			name = Main.storyboard;
			sourceTree = "<group>";
		};
		34C351052225431000C405D5 /* LaunchScreen.storyboard */ = {
			isa = PBXVariantGroup;
			children = (
				34C351062225431000C405D5 /* Base */,
			);
			name = LaunchScreen.storyboard;
			sourceTree = "<group>";
		};
/* End PBXVariantGroup section */

/* Begin XCBuildConfiguration section */
		34C351092225431000C405D5 /* Debug */ = {
			isa = XCBuildConfiguration;
			buildSettings = {
				ALWAYS_SEARCH_USER_PATHS = NO;
				CLANG_ANALYZER_NONNULL = YES;
				CLANG_ANALYZER_NUMBER_OBJECT_CONVERSION = YES_AGGRESSIVE;
				CLANG_CXX_LANGUAGE_STANDARD = "gnu++14";
				CLANG_CXX_LIBRARY = "libc++";
				CLANG_ENABLE_MODULES = YES;
				CLANG_ENABLE_OBJC_ARC = YES;
				CLANG_ENABLE_OBJC_WEAK = YES;
				CLANG_WARN_BLOCK_CAPTURE_AUTORELEASING = YES;
				CLANG_WARN_BOOL_CONVERSION = YES;
				CLANG_WARN_COMMA = YES;
				CLANG_WARN_CONSTANT_CONVERSION = YES;
				CLANG_WARN_DEPRECATED_OBJC_IMPLEMENTATIONS = YES;
				CLANG_WARN_DIRECT_OBJC_ISA_USAGE = YES_ERROR;
				CLANG_WARN_DOCUMENTATION_COMMENTS = YES;
				CLANG_WARN_EMPTY_BODY = YES;
				CLANG_WARN_ENUM_CONVERSION = YES;
				CLANG_WARN_INFINITE_RECURSION = YES;
				CLANG_WARN_INT_CONVERSION = YES;
				CLANG_WARN_NON_LITERAL_NULL_CONVERSION = YES;
				CLANG_WARN_OBJC_IMPLICIT_RETAIN_SELF = YES;
				CLANG_WARN_OBJC_LITERAL_CONVERSION = YES;
				CLANG_WARN_OBJC_ROOT_CLASS = YES_ERROR;
				CLANG_WARN_RANGE_LOOP_ANALYSIS = YES;
				CLANG_WARN_STRICT_PROTOTYPES = YES;
				CLANG_WARN_SUSPICIOUS_MOVE = YES;
				CLANG_WARN_UNGUARDED_AVAILABILITY = YES_AGGRESSIVE;
				CLANG_WARN_UNREACHABLE_CODE = YES;
				CLANG_WARN__DUPLICATE_METHOD_MATCH = YES;
				CODE_SIGN_IDENTITY = "iPhone Developer";
				COPY_PHASE_STRIP = NO;
				DEBUG_INFORMATION_FORMAT = dwarf;
				ENABLE_STRICT_OBJC_MSGSEND = YES;
				ENABLE_TESTABILITY = YES;
				GCC_C_LANGUAGE_STANDARD = gnu11;
				GCC_DYNAMIC_NO_PIC = NO;
				GCC_NO_COMMON_BLOCKS = YES;
				GCC_OPTIMIZATION_LEVEL = 0;
				GCC_PREPROCESSOR_DEFINITIONS = (
					"DEBUG=1",
					"$(inherited)",
				);
				GCC_WARN_64_TO_32_BIT_CONVERSION = YES;
				GCC_WARN_ABOUT_RETURN_TYPE = YES_ERROR;
				GCC_WARN_UNDECLARED_SELECTOR = YES;
				GCC_WARN_UNINITIALIZED_AUTOS = YES_AGGRESSIVE;
				GCC_WARN_UNUSED_FUNCTION = YES;
				GCC_WARN_UNUSED_VARIABLE = YES;
				IPHONEOS_DEPLOYMENT_TARGET = 13.0;
				MTL_ENABLE_DEBUG_INFO = INCLUDE_SOURCE;
				MTL_FAST_MATH = YES;
				ONLY_ACTIVE_ARCH = YES;
				SDKROOT = iphoneos;
				SWIFT_ACTIVE_COMPILATION_CONDITIONS = DEBUG;
				SWIFT_OPTIMIZATION_LEVEL = "-Onone";
			};
			name = Debug;
		};
		34C3510A2225431000C405D5 /* Release */ = {
			isa = XCBuildConfiguration;
			buildSettings = {
				ALWAYS_SEARCH_USER_PATHS = NO;
				CLANG_ANALYZER_NONNULL = YES;
				CLANG_ANALYZER_NUMBER_OBJECT_CONVERSION = YES_AGGRESSIVE;
				CLANG_CXX_LANGUAGE_STANDARD = "gnu++14";
				CLANG_CXX_LIBRARY = "libc++";
				CLANG_ENABLE_MODULES = YES;
				CLANG_ENABLE_OBJC_ARC = YES;
				CLANG_ENABLE_OBJC_WEAK = YES;
				CLANG_WARN_BLOCK_CAPTURE_AUTORELEASING = YES;
				CLANG_WARN_BOOL_CONVERSION = YES;
				CLANG_WARN_COMMA = YES;
				CLANG_WARN_CONSTANT_CONVERSION = YES;
				CLANG_WARN_DEPRECATED_OBJC_IMPLEMENTATIONS = YES;
				CLANG_WARN_DIRECT_OBJC_ISA_USAGE = YES_ERROR;
				CLANG_WARN_DOCUMENTATION_COMMENTS = YES;
				CLANG_WARN_EMPTY_BODY = YES;
				CLANG_WARN_ENUM_CONVERSION = YES;
				CLANG_WARN_INFINITE_RECURSION = YES;
				CLANG_WARN_INT_CONVERSION = YES;
				CLANG_WARN_NON_LITERAL_NULL_CONVERSION = YES;
				CLANG_WARN_OBJC_IMPLICIT_RETAIN_SELF = YES;
				CLANG_WARN_OBJC_LITERAL_CONVERSION = YES;
				CLANG_WARN_OBJC_ROOT_CLASS = YES_ERROR;
				CLANG_WARN_RANGE_LOOP_ANALYSIS = YES;
				CLANG_WARN_STRICT_PROTOTYPES = YES;
				CLANG_WARN_SUSPICIOUS_MOVE = YES;
				CLANG_WARN_UNGUARDED_AVAILABILITY = YES_AGGRESSIVE;
				CLANG_WARN_UNREACHABLE_CODE = YES;
				CLANG_WARN__DUPLICATE_METHOD_MATCH = YES;
				CODE_SIGN_IDENTITY = "iPhone Developer";
				COPY_PHASE_STRIP = NO;
				DEBUG_INFORMATION_FORMAT = "dwarf-with-dsym";
				ENABLE_NS_ASSERTIONS = NO;
				ENABLE_STRICT_OBJC_MSGSEND = YES;
				GCC_C_LANGUAGE_STANDARD = gnu11;
				GCC_NO_COMMON_BLOCKS = YES;
				GCC_WARN_64_TO_32_BIT_CONVERSION = YES;
				GCC_WARN_ABOUT_RETURN_TYPE = YES_ERROR;
				GCC_WARN_UNDECLARED_SELECTOR = YES;
				GCC_WARN_UNINITIALIZED_AUTOS = YES_AGGRESSIVE;
				GCC_WARN_UNUSED_FUNCTION = YES;
				GCC_WARN_UNUSED_VARIABLE = YES;
				IPHONEOS_DEPLOYMENT_TARGET = 13.0;
				MTL_ENABLE_DEBUG_INFO = NO;
				MTL_FAST_MATH = YES;
				SDKROOT = iphoneos;
				SWIFT_COMPILATION_MODE = wholemodule;
				SWIFT_OPTIMIZATION_LEVEL = "-O";
				VALIDATE_PRODUCT = YES;
			};
			name = Release;
		};
		34C3510C2225431000C405D5 /* Debug */ = {
			isa = XCBuildConfiguration;
			baseConfigurationReference = B05969FD0FABEA911E2FA858 /* Pods-JetBeepExample.debug.xcconfig */;
			buildSettings = {
				ASSETCATALOG_COMPILER_APPICON_NAME = AppIcon;
				CODE_SIGN_STYLE = Automatic;
				DEVELOPMENT_TEAM = 2AUX883V6A;
				ENABLE_BITCODE = NO;
				INFOPLIST_FILE = JetBeepExample/Info.plist;
				IPHONEOS_DEPLOYMENT_TARGET = 13.0;
				LD_RUNPATH_SEARCH_PATHS = (
					"$(inherited)",
					"@executable_path/Frameworks",
				);
				PRODUCT_BUNDLE_IDENTIFIER = sebek.com.JetBeepExample;
				PRODUCT_NAME = "$(TARGET_NAME)";
				SWIFT_VERSION = 5.0;
				TARGETED_DEVICE_FAMILY = "1,2";
			};
			name = Debug;
		};
		34C3510D2225431000C405D5 /* Release */ = {
			isa = XCBuildConfiguration;
			baseConfigurationReference = 557D44882F4D7215A16A9BC3 /* Pods-JetBeepExample.release.xcconfig */;
			buildSettings = {
				ASSETCATALOG_COMPILER_APPICON_NAME = AppIcon;
				CODE_SIGN_STYLE = Automatic;
				DEVELOPMENT_TEAM = 2AUX883V6A;
				ENABLE_BITCODE = NO;
				INFOPLIST_FILE = JetBeepExample/Info.plist;
				IPHONEOS_DEPLOYMENT_TARGET = 13.0;
				LD_RUNPATH_SEARCH_PATHS = (
					"$(inherited)",
					"@executable_path/Frameworks",
				);
				PRODUCT_BUNDLE_IDENTIFIER = sebek.com.JetBeepExample;
				PRODUCT_NAME = "$(TARGET_NAME)";
				SWIFT_VERSION = 5.0;
				TARGETED_DEVICE_FAMILY = "1,2";
			};
			name = Release;
		};
/* End XCBuildConfiguration section */

/* Begin XCConfigurationList section */
		34C350F42225430F00C405D5 /* Build configuration list for PBXProject "JetBeepExample" */ = {
			isa = XCConfigurationList;
			buildConfigurations = (
				34C351092225431000C405D5 /* Debug */,
				34C3510A2225431000C405D5 /* Release */,
			);
			defaultConfigurationIsVisible = 0;
			defaultConfigurationName = Release;
		};
		34C3510B2225431000C405D5 /* Build configuration list for PBXNativeTarget "JetBeepExample" */ = {
			isa = XCConfigurationList;
			buildConfigurations = (
				34C3510C2225431000C405D5 /* Debug */,
				34C3510D2225431000C405D5 /* Release */,
			);
			defaultConfigurationIsVisible = 0;
			defaultConfigurationName = Release;
		};
/* End XCConfigurationList section */
	};
	rootObject = 34C350F12225430F00C405D5 /* Project object */;
}
